
Microsoft Visual Studio Solution File, Format Version 12.00
# Visual Studio Version 16
VisualStudioVersion = 16.0.28917.181
MinimumVisualStudioVersion = 10.0.40219.1
Project("{9A19103F-16F7-4668-BE54-9A1E7A4F7556}") = "Event.Api.Tests", "Event.Api.Tests\Event.Api.Tests.csproj", "{23F1956D-9D10-49E4-9D09-49476F140E92}"
EndProject
Project("{FAE04EC0-301F-11D3-BF4B-00C04F79EFBC}") = "Event.Api", "Event.Api\Event.Api.csproj", "{C11C6045-F4B0-4595-A189-ABA5CAEACF2E}"
EndProject
Global
	GlobalSection(SolutionConfigurationPlatforms) = preSolution
		Debug|Any CPU = Debug|Any CPU
		Release|Any CPU = Release|Any CPU
	EndGlobalSection
	GlobalSection(ProjectConfigurationPlatforms) = postSolution
		{23F1956D-9D10-49E4-9D09-49476F140E92}.Debug|Any CPU.ActiveCfg = Debug|Any CPU
		{23F1956D-9D10-49E4-9D09-49476F140E92}.Debug|Any CPU.Build.0 = Debug|Any CPU
		{23F1956D-9D10-49E4-9D09-49476F140E92}.Release|Any CPU.ActiveCfg = Release|Any CPU
		{23F1956D-9D10-49E4-9D09-49476F140E92}.Release|Any CPU.Build.0 = Release|Any CPU
		{C11C6045-F4B0-4595-A189-ABA5CAEACF2E}.Debug|Any CPU.ActiveCfg = Debug|Any CPU
		{C11C6045-F4B0-4595-A189-ABA5CAEACF2E}.Debug|Any CPU.Build.0 = Debug|Any CPU
		{C11C6045-F4B0-4595-A189-ABA5CAEACF2E}.Release|Any CPU.ActiveCfg = Release|Any CPU
		{C11C6045-F4B0-4595-A189-ABA5CAEACF2E}.Release|Any CPU.Build.0 = Release|Any CPU
	EndGlobalSection
	GlobalSection(SolutionProperties) = preSolution
		HideSolutionNode = FALSE
	EndGlobalSection
	GlobalSection(ExtensibilityGlobals) = postSolution
		SolutionGuid = {537582B9-2A34-4D9E-BD52-26F7FFAF54E9}
	EndGlobalSection
EndGlobal
