
Microsoft Visual Studio Solution File, Format Version 12.00
# Visual Studio Version 16
VisualStudioVersion = 16.0.28917.181
MinimumVisualStudioVersion = 10.0.40219.1
Project("{9A19103F-16F7-4668-BE54-9A1E7A4F7556}") = "Event.Api", "Event.Api.csproj", "{EE2218BF-CEE5-4A6E-9405-F5D080FFAC24}"
EndProject
Project("{9A19103F-16F7-4668-BE54-9A1E7A4F7556}") = "Event.Api.Tests", "..\Event.Api.Tests\Event.Api.Tests.csproj", "{D4AE13F7-33DD-4BDD-9ADA-FF96D3F14601}"
EndProject
Global
	GlobalSection(SolutionConfigurationPlatforms) = preSolution
		Debug|Any CPU = Debug|Any CPU
		Release|Any CPU = Release|Any CPU
	EndGlobalSection
	GlobalSection(ProjectConfigurationPlatforms) = postSolution
		{EE2218BF-CEE5-4A6E-9405-F5D080FFAC24}.Debug|Any CPU.ActiveCfg = Debug|Any CPU
		{EE2218BF-CEE5-4A6E-9405-F5D080FFAC24}.Debug|Any CPU.Build.0 = Debug|Any CPU
		{EE2218BF-CEE5-4A6E-9405-F5D080FFAC24}.Release|Any CPU.ActiveCfg = Release|Any CPU
		{EE2218BF-CEE5-4A6E-9405-F5D080FFAC24}.Release|Any CPU.Build.0 = Release|Any CPU
		{D4AE13F7-33DD-4BDD-9ADA-FF96D3F14601}.Debug|Any CPU.ActiveCfg = Debug|Any CPU
		{D4AE13F7-33DD-4BDD-9ADA-FF96D3F14601}.Debug|Any CPU.Build.0 = Debug|Any CPU
		{D4AE13F7-33DD-4BDD-9ADA-FF96D3F14601}.Release|Any CPU.ActiveCfg = Release|Any CPU
		{D4AE13F7-33DD-4BDD-9ADA-FF96D3F14601}.Release|Any CPU.Build.0 = Release|Any CPU
	EndGlobalSection
	GlobalSection(SolutionProperties) = preSolution
		HideSolutionNode = FALSE
	EndGlobalSection
	GlobalSection(ExtensibilityGlobals) = postSolution
		SolutionGuid = {537582B9-2A34-4D9E-BD52-26F7FFAF54E9}
	EndGlobalSection
EndGlobal
